// !$*UTF8*$!
{
	archiveVersion = 1;
	classes = {
	};
	objectVersion = 46;
	objects = {

/* Begin PBXBuildFile section */
		3E47B5B01C66B7460056E639 /* AppDelegate.swift in Sources */ = {isa = PBXBuildFile; fileRef = 3E47B5AF1C66B7460056E639 /* AppDelegate.swift */; };
		3E47B5B21C66B7460056E639 /* ViewController.swift in Sources */ = {isa = PBXBuildFile; fileRef = 3E47B5B11C66B7460056E639 /* ViewController.swift */; };
		3E47B5B51C66B7460056E639 /* Main.storyboard in Resources */ = {isa = PBXBuildFile; fileRef = 3E47B5B31C66B7460056E639 /* Main.storyboard */; };
		3E47B5B71C66B7460056E639 /* Assets.xcassets in Resources */ = {isa = PBXBuildFile; fileRef = 3E47B5B61C66B7460056E639 /* Assets.xcassets */; };
		3E47B5BA1C66B7460056E639 /* LaunchScreen.storyboard in Resources */ = {isa = PBXBuildFile; fileRef = 3E47B5B81C66B7460056E639 /* LaunchScreen.storyboard */; };
		3E47B5C21C66BC770056E639 /* FeedViewController.swift in Sources */ = {isa = PBXBuildFile; fileRef = 3E47B5C11C66BC770056E639 /* FeedViewController.swift */; };
		3E47B5C51C66BC950056E639 /* RequestsViewController.swift in Sources */ = {isa = PBXBuildFile; fileRef = 3E47B5C41C66BC950056E639 /* RequestsViewController.swift */; };
		3E47B5C71C66BCA10056E639 /* MessagesViewController.swift in Sources */ = {isa = PBXBuildFile; fileRef = 3E47B5C61C66BCA10056E639 /* MessagesViewController.swift */; };
		3E47B5C91C66BCAB0056E639 /* NotificationsViewController.swift in Sources */ = {isa = PBXBuildFile; fileRef = 3E47B5C81C66BCAB0056E639 /* NotificationsViewController.swift */; };
		3E47B5CB1C66BCB50056E639 /* SettingsViewController.swift in Sources */ = {isa = PBXBuildFile; fileRef = 3E47B5CA1C66BCB50056E639 /* SettingsViewController.swift */; };
		3E623A8F1C8BAD70002ED8C1 /* PhotoViewController.swift in Sources */ = {isa = PBXBuildFile; fileRef = 3E623A8E1C8BAD70002ED8C1 /* PhotoViewController.swift */; };
		3E623A921C8BC195002ED8C1 /* BaseTransition.swift in Sources */ = {isa = PBXBuildFile; fileRef = 3E623A901C8BC195002ED8C1 /* BaseTransition.swift */; };
		3E623A931C8BC195002ED8C1 /* FadeTransition.swift in Sources */ = {isa = PBXBuildFile; fileRef = 3E623A911C8BC195002ED8C1 /* FadeTransition.swift */; };
		3E623A951C8D4506002ED8C1 /* Common.swift in Sources */ = {isa = PBXBuildFile; fileRef = 3E623A941C8D4506002ED8C1 /* Common.swift */; };
		3EC3248A1C66C4FA001A631C /* DetailViewController.swift in Sources */ = {isa = PBXBuildFile; fileRef = 3EC324891C66C4FA001A631C /* DetailViewController.swift */; };
		3EC3248C1C66E114001A631C /* StatusViewController.swift in Sources */ = {isa = PBXBuildFile; fileRef = 3EC3248B1C66E114001A631C /* StatusViewController.swift */; };
		3EC3248E1C66E11F001A631C /* PhotosViewController.swift in Sources */ = {isa = PBXBuildFile; fileRef = 3EC3248D1C66E11F001A631C /* PhotosViewController.swift */; };
		3EC324901C66E128001A631C /* CheckInViewController.swift in Sources */ = {isa = PBXBuildFile; fileRef = 3EC3248F1C66E128001A631C /* CheckInViewController.swift */; };
/* End PBXBuildFile section */

/* Begin PBXFileReference section */
		3E47B5AC1C66B7460056E639 /* Facebook.app */ = {isa = PBXFileReference; explicitFileType = wrapper.application; includeInIndex = 0; path = Facebook.app; sourceTree = BUILT_PRODUCTS_DIR; };
		3E47B5AF1C66B7460056E639 /* AppDelegate.swift */ = {isa = PBXFileReference; lastKnownFileType = sourcecode.swift; path = AppDelegate.swift; sourceTree = "<group>"; };
		3E47B5B11C66B7460056E639 /* ViewController.swift */ = {isa = PBXFileReference; lastKnownFileType = sourcecode.swift; path = ViewController.swift; sourceTree = "<group>"; };
		3E47B5B41C66B7460056E639 /* Base */ = {isa = PBXFileReference; lastKnownFileType = file.storyboard; name = Base; path = Base.lproj/Main.storyboard; sourceTree = "<group>"; };
		3E47B5B61C66B7460056E639 /* Assets.xcassets */ = {isa = PBXFileReference; lastKnownFileType = folder.assetcatalog; path = Assets.xcassets; sourceTree = "<group>"; };
		3E47B5B91C66B7460056E639 /* Base */ = {isa = PBXFileReference; lastKnownFileType = file.storyboard; name = Base; path = Base.lproj/LaunchScreen.storyboard; sourceTree = "<group>"; };
		3E47B5BB1C66B7460056E639 /* Info.plist */ = {isa = PBXFileReference; lastKnownFileType = text.plist.xml; path = Info.plist; sourceTree = "<group>"; };
		3E47B5C11C66BC770056E639 /* FeedViewController.swift */ = {isa = PBXFileReference; fileEncoding = 4; lastKnownFileType = sourcecode.swift; path = FeedViewController.swift; sourceTree = "<group>"; };
		3E47B5C41C66BC950056E639 /* RequestsViewController.swift */ = {isa = PBXFileReference; fileEncoding = 4; lastKnownFileType = sourcecode.swift; path = RequestsViewController.swift; sourceTree = "<group>"; };
		3E47B5C61C66BCA10056E639 /* MessagesViewController.swift */ = {isa = PBXFileReference; fileEncoding = 4; lastKnownFileType = sourcecode.swift; path = MessagesViewController.swift; sourceTree = "<group>"; };
		3E47B5C81C66BCAB0056E639 /* NotificationsViewController.swift */ = {isa = PBXFileReference; fileEncoding = 4; lastKnownFileType = sourcecode.swift; path = NotificationsViewController.swift; sourceTree = "<group>"; };
		3E47B5CA1C66BCB50056E639 /* SettingsViewController.swift */ = {isa = PBXFileReference; fileEncoding = 4; lastKnownFileType = sourcecode.swift; path = SettingsViewController.swift; sourceTree = "<group>"; };
		3E623A8E1C8BAD70002ED8C1 /* PhotoViewController.swift */ = {isa = PBXFileReference; fileEncoding = 4; lastKnownFileType = sourcecode.swift; path = PhotoViewController.swift; sourceTree = "<group>"; };
		3E623A901C8BC195002ED8C1 /* BaseTransition.swift */ = {isa = PBXFileReference; fileEncoding = 4; lastKnownFileType = sourcecode.swift; path = BaseTransition.swift; sourceTree = "<group>"; };
		3E623A911C8BC195002ED8C1 /* FadeTransition.swift */ = {isa = PBXFileReference; fileEncoding = 4; lastKnownFileType = sourcecode.swift; path = FadeTransition.swift; sourceTree = "<group>"; };
		3E623A941C8D4506002ED8C1 /* Common.swift */ = {isa = PBXFileReference; fileEncoding = 4; lastKnownFileType = sourcecode.swift; path = Common.swift; sourceTree = "<group>"; };
		3EC324891C66C4FA001A631C /* DetailViewController.swift */ = {isa = PBXFileReference; fileEncoding = 4; lastKnownFileType = sourcecode.swift; path = DetailViewController.swift; sourceTree = "<group>"; };
		3EC3248B1C66E114001A631C /* StatusViewController.swift */ = {isa = PBXFileReference; fileEncoding = 4; lastKnownFileType = sourcecode.swift; path = StatusViewController.swift; sourceTree = "<group>"; };
		3EC3248D1C66E11F001A631C /* PhotosViewController.swift */ = {isa = PBXFileReference; fileEncoding = 4; lastKnownFileType = sourcecode.swift; path = PhotosViewController.swift; sourceTree = "<group>"; };
		3EC3248F1C66E128001A631C /* CheckInViewController.swift */ = {isa = PBXFileReference; fileEncoding = 4; lastKnownFileType = sourcecode.swift; path = CheckInViewController.swift; sourceTree = "<group>"; };
/* End PBXFileReference section */

/* Begin PBXFrameworksBuildPhase section */
		3E47B5A91C66B7460056E639 /* Frameworks */ = {
			isa = PBXFrameworksBuildPhase;
			buildActionMask = 2147483647;
			files = (
			);
			runOnlyForDeploymentPostprocessing = 0;
		};
/* End PBXFrameworksBuildPhase section */

/* Begin PBXGroup section */
		3E47B5A31C66B7460056E639 = {
			isa = PBXGroup;
			children = (
				3E47B5AE1C66B7460056E639 /* Facebook */,
				3E47B5AD1C66B7460056E639 /* Products */,
			);
			sourceTree = "<group>";
		};
		3E47B5AD1C66B7460056E639 /* Products */ = {
			isa = PBXGroup;
			children = (
				3E47B5AC1C66B7460056E639 /* Facebook.app */,
			);
			name = Products;
			sourceTree = "<group>";
		};
		3E47B5AE1C66B7460056E639 /* Facebook */ = {
			isa = PBXGroup;
			children = (
				3E47B5AF1C66B7460056E639 /* AppDelegate.swift */,
				3E47B5B11C66B7460056E639 /* ViewController.swift */,
				3E47B5B31C66B7460056E639 /* Main.storyboard */,
				3E47B5C31C66BC7F0056E639 /* View Controllers */,
				3E47B5B61C66B7460056E639 /* Assets.xcassets */,
				3E47B5B81C66B7460056E639 /* LaunchScreen.storyboard */,
				3E47B5BB1C66B7460056E639 /* Info.plist */,
			);
			path = Facebook;
			sourceTree = "<group>";
		};
		3E47B5C31C66BC7F0056E639 /* View Controllers */ = {
			isa = PBXGroup;
			children = (
				3E623A901C8BC195002ED8C1 /* BaseTransition.swift */,
				3E623A911C8BC195002ED8C1 /* FadeTransition.swift */,
				3E623A8E1C8BAD70002ED8C1 /* PhotoViewController.swift */,
				3E47B5C11C66BC770056E639 /* FeedViewController.swift */,
				3EC3248B1C66E114001A631C /* StatusViewController.swift */,
				3EC3248D1C66E11F001A631C /* PhotosViewController.swift */,
				3E623A941C8D4506002ED8C1 /* Common.swift */,
				3EC3248F1C66E128001A631C /* CheckInViewController.swift */,
				3EC324891C66C4FA001A631C /* DetailViewController.swift */,
				3E47B5C41C66BC950056E639 /* RequestsViewController.swift */,
				3E47B5C61C66BCA10056E639 /* MessagesViewController.swift */,
				3E47B5C81C66BCAB0056E639 /* NotificationsViewController.swift */,
				3E47B5CA1C66BCB50056E639 /* SettingsViewController.swift */,
			);
			name = "View Controllers";
			sourceTree = "<group>";
		};
/* End PBXGroup section */

/* Begin PBXNativeTarget section */
		3E47B5AB1C66B7460056E639 /* Facebook */ = {
			isa = PBXNativeTarget;
			buildConfigurationList = 3E47B5BE1C66B7460056E639 /* Build configuration list for PBXNativeTarget "Facebook" */;
			buildPhases = (
				3E47B5A81C66B7460056E639 /* Sources */,
				3E47B5A91C66B7460056E639 /* Frameworks */,
				3E47B5AA1C66B7460056E639 /* Resources */,
			);
			buildRules = (
			);
			dependencies = (
			);
			name = Facebook;
			productName = Facebook;
			productReference = 3E47B5AC1C66B7460056E639 /* Facebook.app */;
			productType = "com.apple.product-type.application";
		};
/* End PBXNativeTarget section */

/* Begin PBXProject section */
		3E47B5A41C66B7460056E639 /* Project object */ = {
			isa = PBXProject;
			attributes = {
				LastSwiftUpdateCheck = 0720;
				LastUpgradeCheck = 0720;
				ORGANIZATIONNAME = "Mudit Mittal";
				TargetAttributes = {
					3E47B5AB1C66B7460056E639 = {
						CreatedOnToolsVersion = 7.2;
						DevelopmentTeam = ZK7G5775TF;
					};
				};
			};
			buildConfigurationList = 3E47B5A71C66B7460056E639 /* Build configuration list for PBXProject "Facebook" */;
			compatibilityVersion = "Xcode 3.2";
			developmentRegion = English;
			hasScannedForEncodings = 0;
			knownRegions = (
				en,
				Base,
			);
			mainGroup = 3E47B5A31C66B7460056E639;
			productRefGroup = 3E47B5AD1C66B7460056E639 /* Products */;
			projectDirPath = "";
			projectRoot = "";
			targets = (
				3E47B5AB1C66B7460056E639 /* Facebook */,
			);
		};
/* End PBXProject section */

/* Begin PBXResourcesBuildPhase section */
		3E47B5AA1C66B7460056E639 /* Resources */ = {
			isa = PBXResourcesBuildPhase;
			buildActionMask = 2147483647;
			files = (
				3E47B5BA1C66B7460056E639 /* LaunchScreen.storyboard in Resources */,
				3E47B5B71C66B7460056E639 /* Assets.xcassets in Resources */,
				3E47B5B51C66B7460056E639 /* Main.storyboard in Resources */,
			);
			runOnlyForDeploymentPostprocessing = 0;
		};
/* End PBXResourcesBuildPhase section */

/* Begin PBXSourcesBuildPhase section */
		3E47B5A81C66B7460056E639 /* Sources */ = {
			isa = PBXSourcesBuildPhase;
			buildActionMask = 2147483647;
			files = (
				3E47B5C71C66BCA10056E639 /* MessagesViewController.swift in Sources */,
				3E47B5B21C66B7460056E639 /* ViewController.swift in Sources */,
				3E47B5CB1C66BCB50056E639 /* SettingsViewController.swift in Sources */,
				3E47B5C21C66BC770056E639 /* FeedViewController.swift in Sources */,
				3E47B5C91C66BCAB0056E639 /* NotificationsViewController.swift in Sources */,
				3E623A8F1C8BAD70002ED8C1 /* PhotoViewController.swift in Sources */,
				3E47B5C51C66BC950056E639 /* RequestsViewController.swift in Sources */,
				3E47B5B01C66B7460056E639 /* AppDelegate.swift in Sources */,
				3E623A931C8BC195002ED8C1 /* FadeTransition.swift in Sources */,
				3EC3248C1C66E114001A631C /* StatusViewController.swift in Sources */,
				3EC3248A1C66C4FA001A631C /* DetailViewController.swift in Sources */,
				3E623A921C8BC195002ED8C1 /* BaseTransition.swift in Sources */,
				3EC324901C66E128001A631C /* CheckInViewController.swift in Sources */,
				3E623A951C8D4506002ED8C1 /* Common.swift in Sources */,
				3EC3248E1C66E11F001A631C /* PhotosViewController.swift in Sources */,
			);
			runOnlyForDeploymentPostprocessing = 0;
		};
/* End PBXSourcesBuildPhase section */

/* Begin PBXVariantGroup section */
		3E47B5B31C66B7460056E639 /* Main.storyboard */ = {
			isa = PBXVariantGroup;
			children = (
				3E47B5B41C66B7460056E639 /* Base */,
			);
			name = Main.storyboard;
			sourceTree = "<group>";
		};
		3E47B5B81C66B7460056E639 /* LaunchScreen.storyboard */ = {
			isa = PBXVariantGroup;
			children = (
				3E47B5B91C66B7460056E639 /* Base */,
			);
			name = LaunchScreen.storyboard;
			sourceTree = "<group>";
		};
/* End PBXVariantGroup section */

/* Begin XCBuildConfiguration section */
		3E47B5BC1C66B7460056E639 /* Debug */ = {
			isa = XCBuildConfiguration;
			buildSettings = {
				ALWAYS_SEARCH_USER_PATHS = NO;
				CLANG_CXX_LANGUAGE_STANDARD = "gnu++0x";
				CLANG_CXX_LIBRARY = "libc++";
				CLANG_ENABLE_MODULES = YES;
				CLANG_ENABLE_OBJC_ARC = YES;
				CLANG_WARN_BOOL_CONVERSION = YES;
				CLANG_WARN_CONSTANT_CONVERSION = YES;
				CLANG_WARN_DIRECT_OBJC_ISA_USAGE = YES_ERROR;
				CLANG_WARN_EMPTY_BODY = YES;
				CLANG_WARN_ENUM_CONVERSION = YES;
				CLANG_WARN_INT_CONVERSION = YES;
				CLANG_WARN_OBJC_ROOT_CLASS = YES_ERROR;
				CLANG_WARN_UNREACHABLE_CODE = YES;
				CLANG_WARN__DUPLICATE_METHOD_MATCH = YES;
				"CODE_SIGN_IDENTITY[sdk=iphoneos*]" = "iPhone Developer";
				COPY_PHASE_STRIP = NO;
				DEBUG_INFORMATION_FORMAT = dwarf;
				ENABLE_STRICT_OBJC_MSGSEND = YES;
				ENABLE_TESTABILITY = YES;
				GCC_C_LANGUAGE_STANDARD = gnu99;
				GCC_DYNAMIC_NO_PIC = NO;
				GCC_NO_COMMON_BLOCKS = YES;
				GCC_OPTIMIZATION_LEVEL = 0;
				GCC_PREPROCESSOR_DEFINITIONS = (
					"DEBUG=1",
					"$(inherited)",
				);
				GCC_WARN_64_TO_32_BIT_CONVERSION = YES;
				GCC_WARN_ABOUT_RETURN_TYPE = YES_ERROR;
				GCC_WARN_UNDECLARED_SELECTOR = YES;
				GCC_WARN_UNINITIALIZED_AUTOS = YES_AGGRESSIVE;
				GCC_WARN_UNUSED_FUNCTION = YES;
				GCC_WARN_UNUSED_VARIABLE = YES;
				IPHONEOS_DEPLOYMENT_TARGET = 9.2;
				MTL_ENABLE_DEBUG_INFO = YES;
				ONLY_ACTIVE_ARCH = YES;
				SDKROOT = iphoneos;
				SWIFT_OPTIMIZATION_LEVEL = "-Onone";
			};
			name = Debug;
		};
		3E47B5BD1C66B7460056E639 /* Release */ = {
			isa = XCBuildConfiguration;
			buildSettings = {
				ALWAYS_SEARCH_USER_PATHS = NO;
				CLANG_CXX_LANGUAGE_STANDARD = "gnu++0x";
				CLANG_CXX_LIBRARY = "libc++";
				CLANG_ENABLE_MODULES = YES;
				CLANG_ENABLE_OBJC_ARC = YES;
				CLANG_WARN_BOOL_CONVERSION = YES;
				CLANG_WARN_CONSTANT_CONVERSION = YES;
				CLANG_WARN_DIRECT_OBJC_ISA_USAGE = YES_ERROR;
				CLANG_WARN_EMPTY_BODY = YES;
				CLANG_WARN_ENUM_CONVERSION = YES;
				CLANG_WARN_INT_CONVERSION = YES;
				CLANG_WARN_OBJC_ROOT_CLASS = YES_ERROR;
				CLANG_WARN_UNREACHABLE_CODE = YES;
				CLANG_WARN__DUPLICATE_METHOD_MATCH = YES;
				"CODE_SIGN_IDENTITY[sdk=iphoneos*]" = "iPhone Developer";
				COPY_PHASE_STRIP = NO;
				DEBUG_INFORMATION_FORMAT = "dwarf-with-dsym";
				ENABLE_NS_ASSERTIONS = NO;
				ENABLE_STRICT_OBJC_MSGSEND = YES;
				GCC_C_LANGUAGE_STANDARD = gnu99;
				GCC_NO_COMMON_BLOCKS = YES;
				GCC_WARN_64_TO_32_BIT_CONVERSION = YES;
				GCC_WARN_ABOUT_RETURN_TYPE = YES_ERROR;
				GCC_WARN_UNDECLARED_SELECTOR = YES;
				GCC_WARN_UNINITIALIZED_AUTOS = YES_AGGRESSIVE;
				GCC_WARN_UNUSED_FUNCTION = YES;
				GCC_WARN_UNUSED_VARIABLE = YES;
				IPHONEOS_DEPLOYMENT_TARGET = 9.2;
				MTL_ENABLE_DEBUG_INFO = NO;
				SDKROOT = iphoneos;
				VALIDATE_PRODUCT = YES;
			};
			name = Release;
		};
		3E47B5BF1C66B7460056E639 /* Debug */ = {
			isa = XCBuildConfiguration;
			buildSettings = {
				ASSETCATALOG_COMPILER_APPICON_NAME = AppIcon;
				INFOPLIST_FILE = Facebook/Info.plist;
				LD_RUNPATH_SEARCH_PATHS = "$(inherited) @executable_path/Frameworks";
				PRODUCT_BUNDLE_IDENTIFIER = com.muditmittal.Facebook;
				PRODUCT_NAME = "$(TARGET_NAME)";
			};
			name = Debug;
		};
		3E47B5C01C66B7460056E639 /* Release */ = {
			isa = XCBuildConfiguration;
			buildSettings = {
				ASSETCATALOG_COMPILER_APPICON_NAME = AppIcon;
				INFOPLIST_FILE = Facebook/Info.plist;
				LD_RUNPATH_SEARCH_PATHS = "$(inherited) @executable_path/Frameworks";
				PRODUCT_BUNDLE_IDENTIFIER = com.muditmittal.Facebook;
				PRODUCT_NAME = "$(TARGET_NAME)";
			};
			name = Release;
		};
/* End XCBuildConfiguration section */

/* Begin XCConfigurationList section */
		3E47B5A71C66B7460056E639 /* Build configuration list for PBXProject "Facebook" */ = {
			isa = XCConfigurationList;
			buildConfigurations = (
				3E47B5BC1C66B7460056E639 /* Debug */,
				3E47B5BD1C66B7460056E639 /* Release */,
			);
			defaultConfigurationIsVisible = 0;
			defaultConfigurationName = Release;
		};
		3E47B5BE1C66B7460056E639 /* Build configuration list for PBXNativeTarget "Facebook" */ = {
			isa = XCConfigurationList;
			buildConfigurations = (
				3E47B5BF1C66B7460056E639 /* Debug */,
				3E47B5C01C66B7460056E639 /* Release */,
			);
			defaultConfigurationIsVisible = 0;
			defaultConfigurationName = Release;
		};
/* End XCConfigurationList section */
	};
	rootObject = 3E47B5A41C66B7460056E639 /* Project object */;
}
